version = 1
revision = 2
requires-python = ">=3.11"

[[package]]
name = "pyunderstand"
version = "0.1.dev2+gf0ea557"
source = { git = "https://github.com/kaihendry/pyunderstand2#f0ea557c3091689b6922e923f13899b227d445c1" }

[[package]]
name = "try"
version = "0.1.0"
source = { virtual = "." }
dependencies = [
    { name = "pyunderstand" },
]

[package.metadata]
requires-dist = [{ name = "pyunderstand", git = "https://github.com/kaihendry/pyunderstand2" }]
