version = 1
revision = 3
requires-python = ">=3.11"

[[package]]
name = "pyunderstand"
version = "0.1.dev3+g822a9aa"
source = { git = "https://github.com/kaihendry/pyunderstand2#822a9aaf75d5492c98215276f2d1b665e322eb78" }

[[package]]
name = "try"
version = "0.1.0"
source = { virtual = "." }
dependencies = [
    { name = "pyunderstand" },
]

[package.metadata]
requires-dist = [{ name = "pyunderstand", git = "https://github.com/kaihendry/pyunderstand2" }]
